
Microsoft Visual Studio Solution File, Format Version 12.00
# Visual Studio Version 16
VisualStudioVersion = 16.0.32228.343
MinimumVisualStudioVersion = 10.0.40219.1
Project("{FAE04EC0-301F-11D3-BF4B-00C04F79EFBC}") = "CollaborateSoftware.ToDo", "CollaborateSoftware.ToDo\CollaborateSoftware.ToDo.csproj", "{8AF5AC99-B71A-4E06-80E1-CC2A8455541C}"
EndProject
Global
	GlobalSection(SolutionConfigurationPlatforms) = preSolution
		Debug|Any CPU = Debug|Any CPU
		Release|Any CPU = Release|Any CPU
	EndGlobalSection
	GlobalSection(ProjectConfigurationPlatforms) = postSolution
		{8AF5AC99-B71A-4E06-80E1-CC2A8455541C}.Debug|Any CPU.ActiveCfg = Debug|Any CPU
		{8AF5AC99-B71A-4E06-80E1-CC2A8455541C}.Debug|Any CPU.Build.0 = Debug|Any CPU
		{8AF5AC99-B71A-4E06-80E1-CC2A8455541C}.Release|Any CPU.ActiveCfg = Release|Any CPU
		{8AF5AC99-B71A-4E06-80E1-CC2A8455541C}.Release|Any CPU.Build.0 = Release|Any CPU
	EndGlobalSection
	GlobalSection(SolutionProperties) = preSolution
		HideSolutionNode = FALSE
	EndGlobalSection
	GlobalSection(ExtensibilityGlobals) = postSolution
		SolutionGuid = {5CD13492-04D0-4C88-AC04-5D0D2DD613C5}
	EndGlobalSection
EndGlobal
